// !$*UTF8*$!
{
	archiveVersion = 1;
	classes = {
	};
	objectVersion = 50;
	objects = {

/* Begin PBXBuildFile section */
		485B9F2B260B2CF9004A3BAE /* AppDelegate.swift in Sources */ = {isa = PBXBuildFile; fileRef = 485B9F2A260B2CF9004A3BAE /* AppDelegate.swift */; };
		485B9F2D260B2CF9004A3BAE /* SceneDelegate.swift in Sources */ = {isa = PBXBuildFile; fileRef = 485B9F2C260B2CF9004A3BAE /* SceneDelegate.swift */; };
		485B9F2F260B2CF9004A3BAE /* ViewController.swift in Sources */ = {isa = PBXBuildFile; fileRef = 485B9F2E260B2CF9004A3BAE /* ViewController.swift */; };
		485B9F32260B2CF9004A3BAE /* Main.storyboard in Resources */ = {isa = PBXBuildFile; fileRef = 485B9F30260B2CF9004A3BAE /* Main.storyboard */; };
		485B9F34260B2D00004A3BAE /* Assets.xcassets in Resources */ = {isa = PBXBuildFile; fileRef = 485B9F33260B2D00004A3BAE /* Assets.xcassets */; };
		485B9F37260B2D00004A3BAE /* LaunchScreen.storyboard in Resources */ = {isa = PBXBuildFile; fileRef = 485B9F35260B2D00004A3BAE /* LaunchScreen.storyboard */; };
		485B9F42260B2D00004A3BAE /* AgriUberTests.swift in Sources */ = {isa = PBXBuildFile; fileRef = 485B9F41260B2D00004A3BAE /* AgriUberTests.swift */; };
		485B9F4F260B4A5F004A3BAE /* RoundButton.swift in Sources */ = {isa = PBXBuildFile; fileRef = 485B9F4E260B4A5F004A3BAE /* RoundButton.swift */; };
/* End PBXBuildFile section */

/* Begin PBXContainerItemProxy section */
		485B9F3E260B2D00004A3BAE /* PBXContainerItemProxy */ = {
			isa = PBXContainerItemProxy;
			containerPortal = 485B9F1F260B2CF8004A3BAE /* Project object */;
			proxyType = 1;
			remoteGlobalIDString = 485B9F26260B2CF9004A3BAE;
			remoteInfo = AgriUber;
		};
/* End PBXContainerItemProxy section */

/* Begin PBXFileReference section */
		485B9F27260B2CF9004A3BAE /* AgriUber.app */ = {isa = PBXFileReference; explicitFileType = wrapper.application; includeInIndex = 0; path = AgriUber.app; sourceTree = BUILT_PRODUCTS_DIR; };
		485B9F2A260B2CF9004A3BAE /* AppDelegate.swift */ = {isa = PBXFileReference; lastKnownFileType = sourcecode.swift; path = AppDelegate.swift; sourceTree = "<group>"; };
		485B9F2C260B2CF9004A3BAE /* SceneDelegate.swift */ = {isa = PBXFileReference; lastKnownFileType = sourcecode.swift; path = SceneDelegate.swift; sourceTree = "<group>"; };
		485B9F2E260B2CF9004A3BAE /* ViewController.swift */ = {isa = PBXFileReference; lastKnownFileType = sourcecode.swift; path = ViewController.swift; sourceTree = "<group>"; };
		485B9F31260B2CF9004A3BAE /* Base */ = {isa = PBXFileReference; lastKnownFileType = file.storyboard; name = Base; path = Base.lproj/Main.storyboard; sourceTree = "<group>"; };
		485B9F33260B2D00004A3BAE /* Assets.xcassets */ = {isa = PBXFileReference; lastKnownFileType = folder.assetcatalog; path = Assets.xcassets; sourceTree = "<group>"; };
		485B9F36260B2D00004A3BAE /* Base */ = {isa = PBXFileReference; lastKnownFileType = file.storyboard; name = Base; path = Base.lproj/LaunchScreen.storyboard; sourceTree = "<group>"; };
		485B9F38260B2D00004A3BAE /* Info.plist */ = {isa = PBXFileReference; lastKnownFileType = text.plist.xml; path = Info.plist; sourceTree = "<group>"; };
		485B9F3D260B2D00004A3BAE /* AgriUberTests.xctest */ = {isa = PBXFileReference; explicitFileType = wrapper.cfbundle; includeInIndex = 0; path = AgriUberTests.xctest; sourceTree = BUILT_PRODUCTS_DIR; };
		485B9F41260B2D00004A3BAE /* AgriUberTests.swift */ = {isa = PBXFileReference; lastKnownFileType = sourcecode.swift; path = AgriUberTests.swift; sourceTree = "<group>"; };
		485B9F43260B2D00004A3BAE /* Info.plist */ = {isa = PBXFileReference; lastKnownFileType = text.plist.xml; path = Info.plist; sourceTree = "<group>"; };
		485B9F4E260B4A5F004A3BAE /* RoundButton.swift */ = {isa = PBXFileReference; lastKnownFileType = sourcecode.swift; path = RoundButton.swift; sourceTree = "<group>"; };
/* End PBXFileReference section */

/* Begin PBXFrameworksBuildPhase section */
		485B9F24260B2CF9004A3BAE /* Frameworks */ = {
			isa = PBXFrameworksBuildPhase;
			buildActionMask = 2147483647;
			files = (
			);
			runOnlyForDeploymentPostprocessing = 0;
		};
		485B9F3A260B2D00004A3BAE /* Frameworks */ = {
			isa = PBXFrameworksBuildPhase;
			buildActionMask = 2147483647;
			files = (
			);
			runOnlyForDeploymentPostprocessing = 0;
		};
/* End PBXFrameworksBuildPhase section */

/* Begin PBXGroup section */
		485B9F1E260B2CF8004A3BAE = {
			isa = PBXGroup;
			children = (
				485B9F29260B2CF9004A3BAE /* AgriUber */,
				485B9F40260B2D00004A3BAE /* AgriUberTests */,
				485B9F28260B2CF9004A3BAE /* Products */,
			);
			sourceTree = "<group>";
		};
		485B9F28260B2CF9004A3BAE /* Products */ = {
			isa = PBXGroup;
			children = (
				485B9F27260B2CF9004A3BAE /* AgriUber.app */,
				485B9F3D260B2D00004A3BAE /* AgriUberTests.xctest */,
			);
			name = Products;
			sourceTree = "<group>";
		};
		485B9F29260B2CF9004A3BAE /* AgriUber */ = {
			isa = PBXGroup;
			children = (
				485B9F2A260B2CF9004A3BAE /* AppDelegate.swift */,
				485B9F2C260B2CF9004A3BAE /* SceneDelegate.swift */,
				485B9F2E260B2CF9004A3BAE /* ViewController.swift */,
				485B9F30260B2CF9004A3BAE /* Main.storyboard */,
				485B9F4E260B4A5F004A3BAE /* RoundButton.swift */,
				485B9F33260B2D00004A3BAE /* Assets.xcassets */,
				485B9F35260B2D00004A3BAE /* LaunchScreen.storyboard */,
				485B9F38260B2D00004A3BAE /* Info.plist */,
			);
			path = AgriUber;
			sourceTree = "<group>";
		};
		485B9F40260B2D00004A3BAE /* AgriUberTests */ = {
			isa = PBXGroup;
			children = (
				485B9F41260B2D00004A3BAE /* AgriUberTests.swift */,
				485B9F43260B2D00004A3BAE /* Info.plist */,
			);
			path = AgriUberTests;
			sourceTree = "<group>";
		};
/* End PBXGroup section */

/* Begin PBXNativeTarget section */
		485B9F26260B2CF9004A3BAE /* AgriUber */ = {
			isa = PBXNativeTarget;
			buildConfigurationList = 485B9F46260B2D00004A3BAE /* Build configuration list for PBXNativeTarget "AgriUber" */;
			buildPhases = (
				485B9F23260B2CF9004A3BAE /* Sources */,
				485B9F24260B2CF9004A3BAE /* Frameworks */,
				485B9F25260B2CF9004A3BAE /* Resources */,
			);
			buildRules = (
			);
			dependencies = (
			);
			name = AgriUber;
			productName = AgriUber;
			productReference = 485B9F27260B2CF9004A3BAE /* AgriUber.app */;
			productType = "com.apple.product-type.application";
		};
		485B9F3C260B2D00004A3BAE /* AgriUberTests */ = {
			isa = PBXNativeTarget;
			buildConfigurationList = 485B9F49260B2D00004A3BAE /* Build configuration list for PBXNativeTarget "AgriUberTests" */;
			buildPhases = (
				485B9F39260B2D00004A3BAE /* Sources */,
				485B9F3A260B2D00004A3BAE /* Frameworks */,
				485B9F3B260B2D00004A3BAE /* Resources */,
			);
			buildRules = (
			);
			dependencies = (
				485B9F3F260B2D00004A3BAE /* PBXTargetDependency */,
			);
			name = AgriUberTests;
			productName = AgriUberTests;
			productReference = 485B9F3D260B2D00004A3BAE /* AgriUberTests.xctest */;
			productType = "com.apple.product-type.bundle.unit-test";
		};
/* End PBXNativeTarget section */

/* Begin PBXProject section */
		485B9F1F260B2CF8004A3BAE /* Project object */ = {
			isa = PBXProject;
			attributes = {
				LastSwiftUpdateCheck = 1140;
				LastUpgradeCheck = 1140;
				ORGANIZATIONNAME = "Nguyen Xuan Phu";
				TargetAttributes = {
					485B9F26260B2CF9004A3BAE = {
						CreatedOnToolsVersion = 11.4.1;
					};
					485B9F3C260B2D00004A3BAE = {
						CreatedOnToolsVersion = 11.4.1;
						TestTargetID = 485B9F26260B2CF9004A3BAE;
					};
				};
			};
			buildConfigurationList = 485B9F22260B2CF8004A3BAE /* Build configuration list for PBXProject "AgriUber" */;
			compatibilityVersion = "Xcode 9.3";
			developmentRegion = en;
			hasScannedForEncodings = 0;
			knownRegions = (
				en,
				Base,
			);
			mainGroup = 485B9F1E260B2CF8004A3BAE;
			productRefGroup = 485B9F28260B2CF9004A3BAE /* Products */;
			projectDirPath = "";
			projectRoot = "";
			targets = (
				485B9F26260B2CF9004A3BAE /* AgriUber */,
				485B9F3C260B2D00004A3BAE /* AgriUberTests */,
			);
		};
/* End PBXProject section */

/* Begin PBXResourcesBuildPhase section */
		485B9F25260B2CF9004A3BAE /* Resources */ = {
			isa = PBXResourcesBuildPhase;
			buildActionMask = 2147483647;
			files = (
				485B9F37260B2D00004A3BAE /* LaunchScreen.storyboard in Resources */,
				485B9F34260B2D00004A3BAE /* Assets.xcassets in Resources */,
				485B9F32260B2CF9004A3BAE /* Main.storyboard in Resources */,
			);
			runOnlyForDeploymentPostprocessing = 0;
		};
		485B9F3B260B2D00004A3BAE /* Resources */ = {
			isa = PBXResourcesBuildPhase;
			buildActionMask = 2147483647;
			files = (
			);
			runOnlyForDeploymentPostprocessing = 0;
		};
/* End PBXResourcesBuildPhase section */

/* Begin PBXSourcesBuildPhase section */
		485B9F23260B2CF9004A3BAE /* Sources */ = {
			isa = PBXSourcesBuildPhase;
			buildActionMask = 2147483647;
			files = (
				485B9F4F260B4A5F004A3BAE /* RoundButton.swift in Sources */,
				485B9F2F260B2CF9004A3BAE /* ViewController.swift in Sources */,
				485B9F2B260B2CF9004A3BAE /* AppDelegate.swift in Sources */,
				485B9F2D260B2CF9004A3BAE /* SceneDelegate.swift in Sources */,
			);
			runOnlyForDeploymentPostprocessing = 0;
		};
		485B9F39260B2D00004A3BAE /* Sources */ = {
			isa = PBXSourcesBuildPhase;
			buildActionMask = 2147483647;
			files = (
				485B9F42260B2D00004A3BAE /* AgriUberTests.swift in Sources */,
			);
			runOnlyForDeploymentPostprocessing = 0;
		};
/* End PBXSourcesBuildPhase section */

/* Begin PBXTargetDependency section */
		485B9F3F260B2D00004A3BAE /* PBXTargetDependency */ = {
			isa = PBXTargetDependency;
			target = 485B9F26260B2CF9004A3BAE /* AgriUber */;
			targetProxy = 485B9F3E260B2D00004A3BAE /* PBXContainerItemProxy */;
		};
/* End PBXTargetDependency section */

/* Begin PBXVariantGroup section */
		485B9F30260B2CF9004A3BAE /* Main.storyboard */ = {
			isa = PBXVariantGroup;
			children = (
				485B9F31260B2CF9004A3BAE /* Base */,
			);
			name = Main.storyboard;
			sourceTree = "<group>";
		};
		485B9F35260B2D00004A3BAE /* LaunchScreen.storyboard */ = {
			isa = PBXVariantGroup;
			children = (
				485B9F36260B2D00004A3BAE /* Base */,
			);
			name = LaunchScreen.storyboard;
			sourceTree = "<group>";
		};
/* End PBXVariantGroup section */

/* Begin XCBuildConfiguration section */
		485B9F44260B2D00004A3BAE /* Debug */ = {
			isa = XCBuildConfiguration;
			buildSettings = {
				ALWAYS_SEARCH_USER_PATHS = NO;
				CLANG_ANALYZER_NONNULL = YES;
				CLANG_ANALYZER_NUMBER_OBJECT_CONVERSION = YES_AGGRESSIVE;
				CLANG_CXX_LANGUAGE_STANDARD = "gnu++14";
				CLANG_CXX_LIBRARY = "libc++";
				CLANG_ENABLE_MODULES = YES;
				CLANG_ENABLE_OBJC_ARC = YES;
				CLANG_ENABLE_OBJC_WEAK = YES;
				CLANG_WARN_BLOCK_CAPTURE_AUTORELEASING = YES;
				CLANG_WARN_BOOL_CONVERSION = YES;
				CLANG_WARN_COMMA = YES;
				CLANG_WARN_CONSTANT_CONVERSION = YES;
				CLANG_WARN_DEPRECATED_OBJC_IMPLEMENTATIONS = YES;
				CLANG_WARN_DIRECT_OBJC_ISA_USAGE = YES_ERROR;
				CLANG_WARN_DOCUMENTATION_COMMENTS = YES;
				CLANG_WARN_EMPTY_BODY = YES;
				CLANG_WARN_ENUM_CONVERSION = YES;
				CLANG_WARN_INFINITE_RECURSION = YES;
				CLANG_WARN_INT_CONVERSION = YES;
				CLANG_WARN_NON_LITERAL_NULL_CONVERSION = YES;
				CLANG_WARN_OBJC_IMPLICIT_RETAIN_SELF = YES;
				CLANG_WARN_OBJC_LITERAL_CONVERSION = YES;
				CLANG_WARN_OBJC_ROOT_CLASS = YES_ERROR;
				CLANG_WARN_RANGE_LOOP_ANALYSIS = YES;
				CLANG_WARN_STRICT_PROTOTYPES = YES;
				CLANG_WARN_SUSPICIOUS_MOVE = YES;
				CLANG_WARN_UNGUARDED_AVAILABILITY = YES_AGGRESSIVE;
				CLANG_WARN_UNREACHABLE_CODE = YES;
				CLANG_WARN__DUPLICATE_METHOD_MATCH = YES;
				COPY_PHASE_STRIP = NO;
				DEBUG_INFORMATION_FORMAT = dwarf;
				ENABLE_STRICT_OBJC_MSGSEND = YES;
				ENABLE_TESTABILITY = YES;
				GCC_C_LANGUAGE_STANDARD = gnu11;
				GCC_DYNAMIC_NO_PIC = NO;
				GCC_NO_COMMON_BLOCKS = YES;
				GCC_OPTIMIZATION_LEVEL = 0;
				GCC_PREPROCESSOR_DEFINITIONS = (
					"DEBUG=1",
					"$(inherited)",
				);
				GCC_WARN_64_TO_32_BIT_CONVERSION = YES;
				GCC_WARN_ABOUT_RETURN_TYPE = YES_ERROR;
				GCC_WARN_UNDECLARED_SELECTOR = YES;
				GCC_WARN_UNINITIALIZED_AUTOS = YES_AGGRESSIVE;
				GCC_WARN_UNUSED_FUNCTION = YES;
				GCC_WARN_UNUSED_VARIABLE = YES;
				IPHONEOS_DEPLOYMENT_TARGET = 13.4;
				MTL_ENABLE_DEBUG_INFO = INCLUDE_SOURCE;
				MTL_FAST_MATH = YES;
				ONLY_ACTIVE_ARCH = YES;
				SDKROOT = iphoneos;
				SWIFT_ACTIVE_COMPILATION_CONDITIONS = DEBUG;
				SWIFT_OPTIMIZATION_LEVEL = "-Onone";
			};
			name = Debug;
		};
		485B9F45260B2D00004A3BAE /* Release */ = {
			isa = XCBuildConfiguration;
			buildSettings = {
				ALWAYS_SEARCH_USER_PATHS = NO;
				CLANG_ANALYZER_NONNULL = YES;
				CLANG_ANALYZER_NUMBER_OBJECT_CONVERSION = YES_AGGRESSIVE;
				CLANG_CXX_LANGUAGE_STANDARD = "gnu++14";
				CLANG_CXX_LIBRARY = "libc++";
				CLANG_ENABLE_MODULES = YES;
				CLANG_ENABLE_OBJC_ARC = YES;
				CLANG_ENABLE_OBJC_WEAK = YES;
				CLANG_WARN_BLOCK_CAPTURE_AUTORELEASING = YES;
				CLANG_WARN_BOOL_CONVERSION = YES;
				CLANG_WARN_COMMA = YES;
				CLANG_WARN_CONSTANT_CONVERSION = YES;
				CLANG_WARN_DEPRECATED_OBJC_IMPLEMENTATIONS = YES;
				CLANG_WARN_DIRECT_OBJC_ISA_USAGE = YES_ERROR;
				CLANG_WARN_DOCUMENTATION_COMMENTS = YES;
				CLANG_WARN_EMPTY_BODY = YES;
				CLANG_WARN_ENUM_CONVERSION = YES;
				CLANG_WARN_INFINITE_RECURSION = YES;
				CLANG_WARN_INT_CONVERSION = YES;
				CLANG_WARN_NON_LITERAL_NULL_CONVERSION = YES;
				CLANG_WARN_OBJC_IMPLICIT_RETAIN_SELF = YES;
				CLANG_WARN_OBJC_LITERAL_CONVERSION = YES;
				CLANG_WARN_OBJC_ROOT_CLASS = YES_ERROR;
				CLANG_WARN_RANGE_LOOP_ANALYSIS = YES;
				CLANG_WARN_STRICT_PROTOTYPES = YES;
				CLANG_WARN_SUSPICIOUS_MOVE = YES;
				CLANG_WARN_UNGUARDED_AVAILABILITY = YES_AGGRESSIVE;
				CLANG_WARN_UNREACHABLE_CODE = YES;
				CLANG_WARN__DUPLICATE_METHOD_MATCH = YES;
				COPY_PHASE_STRIP = NO;
				DEBUG_INFORMATION_FORMAT = "dwarf-with-dsym";
				ENABLE_NS_ASSERTIONS = NO;
				ENABLE_STRICT_OBJC_MSGSEND = YES;
				GCC_C_LANGUAGE_STANDARD = gnu11;
				GCC_NO_COMMON_BLOCKS = YES;
				GCC_WARN_64_TO_32_BIT_CONVERSION = YES;
				GCC_WARN_ABOUT_RETURN_TYPE = YES_ERROR;
				GCC_WARN_UNDECLARED_SELECTOR = YES;
				GCC_WARN_UNINITIALIZED_AUTOS = YES_AGGRESSIVE;
				GCC_WARN_UNUSED_FUNCTION = YES;
				GCC_WARN_UNUSED_VARIABLE = YES;
				IPHONEOS_DEPLOYMENT_TARGET = 13.4;
				MTL_ENABLE_DEBUG_INFO = NO;
				MTL_FAST_MATH = YES;
				SDKROOT = iphoneos;
				SWIFT_COMPILATION_MODE = wholemodule;
				SWIFT_OPTIMIZATION_LEVEL = "-O";
				VALIDATE_PRODUCT = YES;
			};
			name = Release;
		};
		485B9F47260B2D00004A3BAE /* Debug */ = {
			isa = XCBuildConfiguration;
			buildSettings = {
				ASSETCATALOG_COMPILER_APPICON_NAME = AppIcon;
				CODE_SIGN_STYLE = Automatic;
				INFOPLIST_FILE = AgriUber/Info.plist;
				LD_RUNPATH_SEARCH_PATHS = (
					"$(inherited)",
					"@executable_path/Frameworks",
				);
				PRODUCT_BUNDLE_IDENTIFIER = agriUber.AgriUber;
				PRODUCT_NAME = "$(TARGET_NAME)";
				SWIFT_VERSION = 5.0;
				TARGETED_DEVICE_FAMILY = "1,2";
			};
			name = Debug;
		};
		485B9F48260B2D00004A3BAE /* Release */ = {
			isa = XCBuildConfiguration;
			buildSettings = {
				ASSETCATALOG_COMPILER_APPICON_NAME = AppIcon;
				CODE_SIGN_STYLE = Automatic;
				INFOPLIST_FILE = AgriUber/Info.plist;
				LD_RUNPATH_SEARCH_PATHS = (
					"$(inherited)",
					"@executable_path/Frameworks",
				);
				PRODUCT_BUNDLE_IDENTIFIER = agriUber.AgriUber;
				PRODUCT_NAME = "$(TARGET_NAME)";
				SWIFT_VERSION = 5.0;
				TARGETED_DEVICE_FAMILY = "1,2";
			};
			name = Release;
		};
		485B9F4A260B2D00004A3BAE /* Debug */ = {
			isa = XCBuildConfiguration;
			buildSettings = {
				ALWAYS_EMBED_SWIFT_STANDARD_LIBRARIES = YES;
				BUNDLE_LOADER = "$(TEST_HOST)";
				CODE_SIGN_STYLE = Automatic;
				INFOPLIST_FILE = AgriUberTests/Info.plist;
				IPHONEOS_DEPLOYMENT_TARGET = 13.4;
				LD_RUNPATH_SEARCH_PATHS = (
					"$(inherited)",
					"@executable_path/Frameworks",
					"@loader_path/Frameworks",
				);
				PRODUCT_BUNDLE_IDENTIFIER = agriUber.AgriUberTests;
				PRODUCT_NAME = "$(TARGET_NAME)";
				SWIFT_VERSION = 5.0;
				TARGETED_DEVICE_FAMILY = "1,2";
				TEST_HOST = "$(BUILT_PRODUCTS_DIR)/AgriUber.app/AgriUber";
			};
			name = Debug;
		};
		485B9F4B260B2D00004A3BAE /* Release */ = {
			isa = XCBuildConfiguration;
			buildSettings = {
				ALWAYS_EMBED_SWIFT_STANDARD_LIBRARIES = YES;
				BUNDLE_LOADER = "$(TEST_HOST)";
				CODE_SIGN_STYLE = Automatic;
				INFOPLIST_FILE = AgriUberTests/Info.plist;
				IPHONEOS_DEPLOYMENT_TARGET = 13.4;
				LD_RUNPATH_SEARCH_PATHS = (
					"$(inherited)",
					"@executable_path/Frameworks",
					"@loader_path/Frameworks",
				);
				PRODUCT_BUNDLE_IDENTIFIER = agriUber.AgriUberTests;
				PRODUCT_NAME = "$(TARGET_NAME)";
				SWIFT_VERSION = 5.0;
				TARGETED_DEVICE_FAMILY = "1,2";
				TEST_HOST = "$(BUILT_PRODUCTS_DIR)/AgriUber.app/AgriUber";
			};
			name = Release;
		};
/* End XCBuildConfiguration section */

/* Begin XCConfigurationList section */
		485B9F22260B2CF8004A3BAE /* Build configuration list for PBXProject "AgriUber" */ = {
			isa = XCConfigurationList;
			buildConfigurations = (
				485B9F44260B2D00004A3BAE /* Debug */,
				485B9F45260B2D00004A3BAE /* Release */,
			);
			defaultConfigurationIsVisible = 0;
			defaultConfigurationName = Release;
		};
		485B9F46260B2D00004A3BAE /* Build configuration list for PBXNativeTarget "AgriUber" */ = {
			isa = XCConfigurationList;
			buildConfigurations = (
				485B9F47260B2D00004A3BAE /* Debug */,
				485B9F48260B2D00004A3BAE /* Release */,
			);
			defaultConfigurationIsVisible = 0;
			defaultConfigurationName = Release;
		};
		485B9F49260B2D00004A3BAE /* Build configuration list for PBXNativeTarget "AgriUberTests" */ = {
			isa = XCConfigurationList;
			buildConfigurations = (
				485B9F4A260B2D00004A3BAE /* Debug */,
				485B9F4B260B2D00004A3BAE /* Release */,
			);
			defaultConfigurationIsVisible = 0;
			defaultConfigurationName = Release;
		};
/* End XCConfigurationList section */
	};
	rootObject = 485B9F1F260B2CF8004A3BAE /* Project object */;
}
